
Microsoft Visual Studio Solution File, Format Version 11.00
# Visual Studio 2010
Project("{8BC9CEB8-8B4A-11D0-8D11-00A0C91BC942}") = "Rk-Math", "Rk-Math\Rk-Math.vcxproj", "{75D16917-A5D2-4F65-AA79-5C7BF63025A8}"
EndProject
Project("{8BC9CEB8-8B4A-11D0-8D11-00A0C91BC942}") = "Rk-Math-Test", "Rk-Math-Test\Rk-Math-Test.vcxproj", "{92211060-CF3E-404F-9DFF-9A242507593A}"
EndProject
Global
	GlobalSection(SolutionConfigurationPlatforms) = preSolution
		Debug|Win32 = Debug|Win32
		Release|Win32 = Release|Win32
	EndGlobalSection
	GlobalSection(ProjectConfigurationPlatforms) = postSolution
		{75D16917-A5D2-4F65-AA79-5C7BF63025A8}.Debug|Win32.ActiveCfg = Debug|Win32
		{75D16917-A5D2-4F65-AA79-5C7BF63025A8}.Debug|Win32.Build.0 = Debug|Win32
		{75D16917-A5D2-4F65-AA79-5C7BF63025A8}.Release|Win32.ActiveCfg = Release|Win32
		{75D16917-A5D2-4F65-AA79-5C7BF63025A8}.Release|Win32.Build.0 = Release|Win32
		{92211060-CF3E-404F-9DFF-9A242507593A}.Debug|Win32.ActiveCfg = Debug|Win32
		{92211060-CF3E-404F-9DFF-9A242507593A}.Debug|Win32.Build.0 = Debug|Win32
		{92211060-CF3E-404F-9DFF-9A242507593A}.Release|Win32.ActiveCfg = Release|Win32
		{92211060-CF3E-404F-9DFF-9A242507593A}.Release|Win32.Build.0 = Release|Win32
	EndGlobalSection
	GlobalSection(SolutionProperties) = preSolution
		HideSolutionNode = FALSE
	EndGlobalSection
EndGlobal
