<?xml version="1.0" encoding="utf-8"?>
<Project ToolsVersion="4.0" xmlns="http://schemas.microsoft.com/developer/msbuild/2003">
  <ItemGroup>
    <ClInclude Include="..\Include\Rk\clamp.hpp" />
    <ClInclude Include="..\Include\Rk\lerp.hpp" />
    <ClInclude Include="..\Include\Rk\matrix.hpp" />
    <ClInclude Include="..\Include\Rk\vector.hpp" />
    <ClInclude Include="..\Include\Rk\versor.hpp" />
    <ClInclude Include="..\Include\Rk\transform.hpp" />
  </ItemGroup>
</Project>